
Microsoft Visual Studio Solution File, Format Version 12.00
# Visual Studio 2012
Project("{FAE04EC0-301F-11D3-BF4B-00C04F79EFBC}") = "PrimeFactorsKata", "PrimeFactorsKata.csproj", "{088E5770-AAED-4194-80E9-B62D7D3FFE9D}"
EndProject
Global
	GlobalSection(SolutionConfigurationPlatforms) = preSolution
		Debug|Any CPU = Debug|Any CPU
		Release|Any CPU = Release|Any CPU
	EndGlobalSection
	GlobalSection(ProjectConfigurationPlatforms) = postSolution
		{088E5770-AAED-4194-80E9-B62D7D3FFE9D}.Debug|Any CPU.ActiveCfg = Debug|Any CPU
		{088E5770-AAED-4194-80E9-B62D7D3FFE9D}.Debug|Any CPU.Build.0 = Debug|Any CPU
		{088E5770-AAED-4194-80E9-B62D7D3FFE9D}.Release|Any CPU.ActiveCfg = Release|Any CPU
		{088E5770-AAED-4194-80E9-B62D7D3FFE9D}.Release|Any CPU.Build.0 = Release|Any CPU
	EndGlobalSection
	GlobalSection(SolutionProperties) = preSolution
		HideSolutionNode = FALSE
	EndGlobalSection
EndGlobal
